
Microsoft Visual Studio Solution File, Format Version 12.00
# Visual Studio 15
VisualStudioVersion = 15.0.28010.2036
MinimumVisualStudioVersion = 10.0.40219.1
Project("{2150E333-8FDC-42A3-9474-1A3956D46DE8}") = "Solution Items", "Solution Items", "{CF8D2506-D9D8-48C1-82F0-433948738B0A}"
	ProjectSection(SolutionItems) = preProject
		.gitignore = .gitignore
		README.md = README.md
	EndProjectSection
EndProject
Project("{9A19103F-16F7-4668-BE54-9A1E7A4F7556}") = "Skelecortex.Synchronization", "Skelecortex.Synchronization\Skelecortex.Synchronization.csproj", "{117DC009-2045-4F7E-94B1-1F3C86204309}"
EndProject
Project("{9A19103F-16F7-4668-BE54-9A1E7A4F7556}") = "Skelecortex.Plumbing", "Skelecortex.Plumbing\Skelecortex.Plumbing.csproj", "{E3455585-2B91-443B-AA93-BC89AFEF54EB}"
EndProject
Global
	GlobalSection(SolutionConfigurationPlatforms) = preSolution
		Debug|Any CPU = Debug|Any CPU
		Release|Any CPU = Release|Any CPU
	EndGlobalSection
	GlobalSection(ProjectConfigurationPlatforms) = postSolution
		{117DC009-2045-4F7E-94B1-1F3C86204309}.Debug|Any CPU.ActiveCfg = Debug|Any CPU
		{117DC009-2045-4F7E-94B1-1F3C86204309}.Debug|Any CPU.Build.0 = Debug|Any CPU
		{117DC009-2045-4F7E-94B1-1F3C86204309}.Release|Any CPU.ActiveCfg = Release|Any CPU
		{117DC009-2045-4F7E-94B1-1F3C86204309}.Release|Any CPU.Build.0 = Release|Any CPU
		{E3455585-2B91-443B-AA93-BC89AFEF54EB}.Debug|Any CPU.ActiveCfg = Debug|Any CPU
		{E3455585-2B91-443B-AA93-BC89AFEF54EB}.Debug|Any CPU.Build.0 = Debug|Any CPU
		{E3455585-2B91-443B-AA93-BC89AFEF54EB}.Release|Any CPU.ActiveCfg = Release|Any CPU
		{E3455585-2B91-443B-AA93-BC89AFEF54EB}.Release|Any CPU.Build.0 = Release|Any CPU
	EndGlobalSection
	GlobalSection(SolutionProperties) = preSolution
		HideSolutionNode = FALSE
	EndGlobalSection
	GlobalSection(ExtensibilityGlobals) = postSolution
		SolutionGuid = {D51CA1CD-F37A-4F80-8B68-8E858C075E8C}
	EndGlobalSection
EndGlobal
